
Microsoft Visual Studio Solution File, Format Version 12.00
# Visual Studio Version 16
VisualStudioVersion = 16.0.28621.142
MinimumVisualStudioVersion = 10.0.40219.1
Project("{FAE04EC0-301F-11D3-BF4B-00C04F79EFBC}") = "UserStudy0307", "UserStudy0307\UserStudy0307.csproj", "{EF718224-8308-42E3-9118-2952053F790B}"
EndProject
Global
	GlobalSection(SolutionConfigurationPlatforms) = preSolution
		Debug|Any CPU = Debug|Any CPU
		Release|Any CPU = Release|Any CPU
	EndGlobalSection
	GlobalSection(ProjectConfigurationPlatforms) = postSolution
		{EF718224-8308-42E3-9118-2952053F790B}.Debug|Any CPU.ActiveCfg = Debug|Any CPU
		{EF718224-8308-42E3-9118-2952053F790B}.Debug|Any CPU.Build.0 = Debug|Any CPU
		{EF718224-8308-42E3-9118-2952053F790B}.Release|Any CPU.ActiveCfg = Release|Any CPU
		{EF718224-8308-42E3-9118-2952053F790B}.Release|Any CPU.Build.0 = Release|Any CPU
	EndGlobalSection
	GlobalSection(SolutionProperties) = preSolution
		HideSolutionNode = FALSE
	EndGlobalSection
	GlobalSection(ExtensibilityGlobals) = postSolution
		SolutionGuid = {7DBC41CE-326A-4C7B-88FE-6893033E2977}
	EndGlobalSection
EndGlobal
